
Microsoft Visual Studio Solution File, Format Version 12.00
# Visual Studio Version 17
VisualStudioVersion = 17.11.35327.3
MinimumVisualStudioVersion = 10.0.40219.1
Project("{FAE04EC0-301F-11D3-BF4B-00C04F79EFBC}") = "Ultimate_TRex_Game_Atestat", "Ultimate_TRex_Game_Atestat.csproj", "{A319E79F-9A58-4D60-8A38-DCFBEABF38E0}"
EndProject
Global
	GlobalSection(SolutionConfigurationPlatforms) = preSolution
		Debug|Any CPU = Debug|Any CPU
		Release|Any CPU = Release|Any CPU
	EndGlobalSection
	GlobalSection(ProjectConfigurationPlatforms) = postSolution
		{A319E79F-9A58-4D60-8A38-DCFBEABF38E0}.Debug|Any CPU.ActiveCfg = Debug|Any CPU
		{A319E79F-9A58-4D60-8A38-DCFBEABF38E0}.Debug|Any CPU.Build.0 = Debug|Any CPU
		{A319E79F-9A58-4D60-8A38-DCFBEABF38E0}.Release|Any CPU.ActiveCfg = Release|Any CPU
		{A319E79F-9A58-4D60-8A38-DCFBEABF38E0}.Release|Any CPU.Build.0 = Release|Any CPU
	EndGlobalSection
	GlobalSection(SolutionProperties) = preSolution
		HideSolutionNode = FALSE
	EndGlobalSection
	GlobalSection(ExtensibilityGlobals) = postSolution
		SolutionGuid = {47B23A81-2E6D-4A60-B7AA-37D210C4713E}
	EndGlobalSection
EndGlobal
